{
  "version": 1,
  "dependencies": {
    "net10.0": {
      "DiscUtils.Iso9660": {
        "type": "Direct",
        "requested": "[0.16.13, 0.16.13]",
        "resolved": "0.16.13",
        "contentHash": "hT0DbN+sIqg5Bu3/sCQUuKLwIrceF9BZvn7AeRe+f2iY0p4mgN9xEmXpFWQshnBBxN9r75364agBHDeb5owiUA==",
        "dependencies": {
          "DiscUtils.Core": "0.16.13"
        }
      },
      "Microsoft.NET.ILLink.Tasks": {
        "type": "Direct",
        "requested": "[10.0.8, )",
        "resolved": "10.0.8",
        "contentHash": "dVbSXGIFNR5nZcv2tOLoWI+a9T4jtFd77IYjuND+QVe360qWgAF7H0WtoopYhRw/+SgpGUTyrkrh+65+ClNnfw=="
      },
      "DiscUtils.Core": {
        "type": "Transitive",
        "resolved": "0.16.13",
        "contentHash": "TU/Ns5RMa3060K7AsSDqG94/H7eaWaz1XoYuCUur40Mg+t0/ubtKqxCffkoiB1e/cFMGvHL0evFoY6uDL9Ocmw==",
        "dependencies": {
          "DiscUtils.Streams": "0.16.13"
        }
      },
      "DiscUtils.Streams": {
        "type": "Transitive",
        "resolved": "0.16.13",
        "contentHash": "BSrywAX2mmvt6j00u6VQYQLtxc6jDniK2aP4p0q20bbTGXImtW4N26eUZYKfkW9aj6XLaqISFgtWfssKURixeA=="
      }
    },
    "net10.0/win-x64": {}
  }
}